Microsoft Visual Studio Solution File, Format Version 12.00
# Visual Studio Version 17
VisualStudioVersion = 17.5.2.0
MinimumVisualStudioVersion = 10.0.40219.1
Project("{FAE04EC0-301F-11D3-BF4B-00C04F79EFBC}") = "Obshta_Kultura", "Obshta_Kultura\Obshta_Kultura.csproj", "{142C4DCE-D113-EA34-98C7-32B6EBC803AB}"
EndProject
Global
	GlobalSection(SolutionConfigurationPlatforms) = preSolution
		Debug|Any CPU = Debug|Any CPU
		Release|Any CPU = Release|Any CPU
	EndGlobalSection
	GlobalSection(ProjectConfigurationPlatforms) = postSolution
		{142C4DCE-D113-EA34-98C7-32B6EBC803AB}.Debug|Any CPU.ActiveCfg = Debug|Any CPU
		{142C4DCE-D113-EA34-98C7-32B6EBC803AB}.Debug|Any CPU.Build.0 = Debug|Any CPU
		{142C4DCE-D113-EA34-98C7-32B6EBC803AB}.Release|Any CPU.ActiveCfg = Release|Any CPU
		{142C4DCE-D113-EA34-98C7-32B6EBC803AB}.Release|Any CPU.Build.0 = Release|Any CPU
	EndGlobalSection
	GlobalSection(SolutionProperties) = preSolution
		HideSolutionNode = FALSE
	EndGlobalSection
	GlobalSection(ExtensibilityGlobals) = postSolution
		SolutionGuid = {E74354E3-237E-4B24-B348-2712743A652F}
	EndGlobalSection
EndGlobal
